<?xml version="1.0" encoding="utf-8"?>
<Project ToolsVersion="4.0" xmlns="http://schemas.microsoft.com/developer/msbuild/2003">
  <ItemGroup>
    <Filter Include="Source Files">
      <UniqueIdentifier>{4FC737F1-C7A5-4376-A066-2A32D752A2FF}</UniqueIdentifier>
      <Extensions>cpp;c;cc;cxx;def;odl;idl;hpj;bat;asm;asmx</Extensions>
    </Filter>
    <Filter Include="Header Files">
      <UniqueIdentifier>{93995380-89BD-4b04-88EB-625FBE52EBFB}</UniqueIdentifier>
      <Extensions>h;hh;hpp;hxx;hm;inl;inc;xsd</Extensions>
    </Filter>
    <Filter Include="Resource Files">
      <UniqueIdentifier>{67DA6AB6-F800-4c08-8B7A-83BB121AAD01}</UniqueIdentifier>
      <Extensions>rc;ico;cur;bmp;dlg;rc2;rct;bin;rgs;gif;jpg;jpeg;jpe;resx;tiff;tif;png;wav;mfcribbon-ms</Extensions>
    </Filter>
    <Filter Include="test-data">
      <UniqueIdentifier>{fef8f3fb-8392-4837-b175-39d3cb24b003}</UniqueIdentifier>
    </Filter>
  </ItemGroup>
  <ItemGroup>
    <Text Include="ReadMe.txt" />
    <Text Include="zero.txt">
      <Filter>test-data</Filter>
    </Text>
    <Text Include="123-4th-to-10th-result-27.txt">
      <Filter>test-data</Filter>
    </Text>
    <Text Include="1010-2th-to-the-same.txt">
      <Filter>test-data</Filter>
    </Text>
    <Text Include="1F-16th-to-the-same.txt">
      <Filter>test-data</Filter>
    </Text>
    <Text Include="-1010-2th-to-the-same.txt">
      <Filter>test-data</Filter>
    </Text>
    <Text Include="10000-2th-to-10th-16.txt">
      <Filter>test-data</Filter>
    </Text>
    <Text Include="123XYZ-36th-to-the-same.txt">
      <Filter>test-data</Filter>
    </Text>
    <Text Include="1F-16th-to-10th-31.txt">
      <Filter>test-data</Filter>
    </Text>
    <Text Include="1000-2th-to-10th-8.txt">
      <Filter>test-data</Filter>
    </Text>
    <Text Include="+1f-16th-to-10th-31.txt">
      <Filter>test-data</Filter>
    </Text>
    <Text Include="-1f-16th-to-10th-31.txt">
      <Filter>test-data</Filter>
    </Text>
    <Text Include="overflow-error.txt">
      <Filter>test-data</Filter>
    </Text>
    <Text Include="-2147483648-10th-to-10th-2147483648.txt">
      <Filter>test-data</Filter>
    </Text>
    <Text Include="2147483647-10th-to-10th-2147483647.txt">
      <Filter>test-data</Filter>
    </Text>
    <Text Include="+Zz-36th-to-16th+50F.txt">
      <Filter>test-data</Filter>
    </Text>
    <Text Include="-zZ-36th-to-16th-50F.txt">
      <Filter>test-data</Filter>
    </Text>
  </ItemGroup>
  <ItemGroup>
    <ClInclude Include="stdafx.h">
      <Filter>Header Files</Filter>
    </ClInclude>
    <ClInclude Include="targetver.h">
      <Filter>Header Files</Filter>
    </ClInclude>
  </ItemGroup>
  <ItemGroup>
    <ClCompile Include="stdafx.cpp">
      <Filter>Source Files</Filter>
    </ClCompile>
    <ClCompile Include="2.6-radix.cpp">
      <Filter>Source Files</Filter>
    </ClCompile>
  </ItemGroup>
  <ItemGroup>
    <None Include="test.bat">
      <Filter>Source Files</Filter>
    </None>
  </ItemGroup>
</Project>