
Microsoft Visual Studio Solution File, Format Version 12.00
# Visual Studio 15
VisualStudioVersion = 15.0.26403.0
MinimumVisualStudioVersion = 10.0.40219.1
Project("{8BC9CEB8-8B4A-11D0-8D11-00A0C91BC942}") = "1.1-Complex", "1.1-Complex\1.1-Complex.vcxproj", "{4692063E-9433-4CA0-9DC6-472F7BA0BB2B}"
EndProject
Project("{8BC9CEB8-8B4A-11D0-8D11-00A0C91BC942}") = "1.1-ComplexTests", "1.1-ComplexTests\1.1-ComplexTests.vcxproj", "{6028E78B-F890-45C8-B59F-614033FDA036}"
EndProject
Global
	GlobalSection(SolutionConfigurationPlatforms) = preSolution
		Debug|x64 = Debug|x64
		Debug|x86 = Debug|x86
		Release|x64 = Release|x64
		Release|x86 = Release|x86
	EndGlobalSection
	GlobalSection(ProjectConfigurationPlatforms) = postSolution
		{4692063E-9433-4CA0-9DC6-472F7BA0BB2B}.Debug|x64.ActiveCfg = Debug|x64
		{4692063E-9433-4CA0-9DC6-472F7BA0BB2B}.Debug|x64.Build.0 = Debug|x64
		{4692063E-9433-4CA0-9DC6-472F7BA0BB2B}.Debug|x86.ActiveCfg = Debug|Win32
		{4692063E-9433-4CA0-9DC6-472F7BA0BB2B}.Debug|x86.Build.0 = Debug|Win32
		{4692063E-9433-4CA0-9DC6-472F7BA0BB2B}.Release|x64.ActiveCfg = Release|x64
		{4692063E-9433-4CA0-9DC6-472F7BA0BB2B}.Release|x64.Build.0 = Release|x64
		{4692063E-9433-4CA0-9DC6-472F7BA0BB2B}.Release|x86.ActiveCfg = Release|Win32
		{4692063E-9433-4CA0-9DC6-472F7BA0BB2B}.Release|x86.Build.0 = Release|Win32
		{6028E78B-F890-45C8-B59F-614033FDA036}.Debug|x64.ActiveCfg = Debug|x64
		{6028E78B-F890-45C8-B59F-614033FDA036}.Debug|x64.Build.0 = Debug|x64
		{6028E78B-F890-45C8-B59F-614033FDA036}.Debug|x86.ActiveCfg = Debug|Win32
		{6028E78B-F890-45C8-B59F-614033FDA036}.Debug|x86.Build.0 = Debug|Win32
		{6028E78B-F890-45C8-B59F-614033FDA036}.Release|x64.ActiveCfg = Release|x64
		{6028E78B-F890-45C8-B59F-614033FDA036}.Release|x64.Build.0 = Release|x64
		{6028E78B-F890-45C8-B59F-614033FDA036}.Release|x86.ActiveCfg = Release|Win32
		{6028E78B-F890-45C8-B59F-614033FDA036}.Release|x86.Build.0 = Release|Win32
	EndGlobalSection
	GlobalSection(SolutionProperties) = preSolution
		HideSolutionNode = FALSE
	EndGlobalSection
EndGlobal
