
Microsoft Visual Studio Solution File, Format Version 12.00
# Visual Studio 15
VisualStudioVersion = 15.0.26403.0
MinimumVisualStudioVersion = 10.0.40219.1
Project("{8BC9CEB8-8B4A-11D0-8D11-00A0C91BC942}") = "1-Vector", "1-Vector\1-vector.vcxproj", "{FB1A82E3-81B0-4EF1-9444-E48F74DCCFE0}"
EndProject
Project("{8BC9CEB8-8B4A-11D0-8D11-00A0C91BC942}") = "1-VectorTests", "1-VectorTests\1-VectorTests.vcxproj", "{3893037D-B402-405B-92CD-1273CF834E54}"
EndProject
Global
	GlobalSection(SolutionConfigurationPlatforms) = preSolution
		Debug|x64 = Debug|x64
		Debug|x86 = Debug|x86
		Release|x64 = Release|x64
		Release|x86 = Release|x86
	EndGlobalSection
	GlobalSection(ProjectConfigurationPlatforms) = postSolution
		{FB1A82E3-81B0-4EF1-9444-E48F74DCCFE0}.Debug|x64.ActiveCfg = Debug|x64
		{FB1A82E3-81B0-4EF1-9444-E48F74DCCFE0}.Debug|x64.Build.0 = Debug|x64
		{FB1A82E3-81B0-4EF1-9444-E48F74DCCFE0}.Debug|x86.ActiveCfg = Debug|Win32
		{FB1A82E3-81B0-4EF1-9444-E48F74DCCFE0}.Debug|x86.Build.0 = Debug|Win32
		{FB1A82E3-81B0-4EF1-9444-E48F74DCCFE0}.Release|x64.ActiveCfg = Release|x64
		{FB1A82E3-81B0-4EF1-9444-E48F74DCCFE0}.Release|x64.Build.0 = Release|x64
		{FB1A82E3-81B0-4EF1-9444-E48F74DCCFE0}.Release|x86.ActiveCfg = Release|Win32
		{FB1A82E3-81B0-4EF1-9444-E48F74DCCFE0}.Release|x86.Build.0 = Release|Win32
		{3893037D-B402-405B-92CD-1273CF834E54}.Debug|x64.ActiveCfg = Debug|x64
		{3893037D-B402-405B-92CD-1273CF834E54}.Debug|x64.Build.0 = Debug|x64
		{3893037D-B402-405B-92CD-1273CF834E54}.Debug|x86.ActiveCfg = Debug|Win32
		{3893037D-B402-405B-92CD-1273CF834E54}.Debug|x86.Build.0 = Debug|Win32
		{3893037D-B402-405B-92CD-1273CF834E54}.Release|x64.ActiveCfg = Release|x64
		{3893037D-B402-405B-92CD-1273CF834E54}.Release|x64.Build.0 = Release|x64
		{3893037D-B402-405B-92CD-1273CF834E54}.Release|x86.ActiveCfg = Release|Win32
		{3893037D-B402-405B-92CD-1273CF834E54}.Release|x86.Build.0 = Release|Win32
	EndGlobalSection
	GlobalSection(SolutionProperties) = preSolution
		HideSolutionNode = FALSE
	EndGlobalSection
EndGlobal
