
Microsoft Visual Studio Solution File, Format Version 12.00
# Visual Studio 15
VisualStudioVersion = 15.0.26403.0
MinimumVisualStudioVersion = 10.0.40219.1
Project("{8BC9CEB8-8B4A-11D0-8D11-00A0C91BC942}") = "1.3-FindMaxEx", "1.3-FindMaxEx\1.3-FindMaxEx.vcxproj", "{9934743B-2957-487B-A735-B8AA4B0BC8A4}"
EndProject
Project("{8BC9CEB8-8B4A-11D0-8D11-00A0C91BC942}") = "1.3-FindMaxExTests", "1.3-FindMaxExTests\1.3-FindMaxExTests.vcxproj", "{73CD9CCA-57AA-4E9F-8D22-17C167404DFA}"
EndProject
Project("{8BC9CEB8-8B4A-11D0-8D11-00A0C91BC942}") = "2.1-MyArray", "2.1-MyArray\2.1-MyArray.vcxproj", "{425164E2-B1DD-47DE-90B6-019CE5B3939E}"
EndProject
Project("{8BC9CEB8-8B4A-11D0-8D11-00A0C91BC942}") = "2.1-MyArrayTests", "2.1-MyArrayTests\2.1-MyArrayTests.vcxproj", "{B889AFB1-09E3-4D36-967B-6C34335C8F02}"
EndProject
Global
	GlobalSection(SolutionConfigurationPlatforms) = preSolution
		Debug|x64 = Debug|x64
		Debug|x86 = Debug|x86
		Release|x64 = Release|x64
		Release|x86 = Release|x86
	EndGlobalSection
	GlobalSection(ProjectConfigurationPlatforms) = postSolution
		{9934743B-2957-487B-A735-B8AA4B0BC8A4}.Debug|x64.ActiveCfg = Debug|x64
		{9934743B-2957-487B-A735-B8AA4B0BC8A4}.Debug|x64.Build.0 = Debug|x64
		{9934743B-2957-487B-A735-B8AA4B0BC8A4}.Debug|x86.ActiveCfg = Debug|Win32
		{9934743B-2957-487B-A735-B8AA4B0BC8A4}.Debug|x86.Build.0 = Debug|Win32
		{9934743B-2957-487B-A735-B8AA4B0BC8A4}.Release|x64.ActiveCfg = Release|x64
		{9934743B-2957-487B-A735-B8AA4B0BC8A4}.Release|x64.Build.0 = Release|x64
		{9934743B-2957-487B-A735-B8AA4B0BC8A4}.Release|x86.ActiveCfg = Release|Win32
		{9934743B-2957-487B-A735-B8AA4B0BC8A4}.Release|x86.Build.0 = Release|Win32
		{73CD9CCA-57AA-4E9F-8D22-17C167404DFA}.Debug|x64.ActiveCfg = Debug|x64
		{73CD9CCA-57AA-4E9F-8D22-17C167404DFA}.Debug|x64.Build.0 = Debug|x64
		{73CD9CCA-57AA-4E9F-8D22-17C167404DFA}.Debug|x86.ActiveCfg = Debug|Win32
		{73CD9CCA-57AA-4E9F-8D22-17C167404DFA}.Debug|x86.Build.0 = Debug|Win32
		{73CD9CCA-57AA-4E9F-8D22-17C167404DFA}.Release|x64.ActiveCfg = Release|x64
		{73CD9CCA-57AA-4E9F-8D22-17C167404DFA}.Release|x64.Build.0 = Release|x64
		{73CD9CCA-57AA-4E9F-8D22-17C167404DFA}.Release|x86.ActiveCfg = Release|Win32
		{73CD9CCA-57AA-4E9F-8D22-17C167404DFA}.Release|x86.Build.0 = Release|Win32
		{425164E2-B1DD-47DE-90B6-019CE5B3939E}.Debug|x64.ActiveCfg = Debug|x64
		{425164E2-B1DD-47DE-90B6-019CE5B3939E}.Debug|x64.Build.0 = Debug|x64
		{425164E2-B1DD-47DE-90B6-019CE5B3939E}.Debug|x86.ActiveCfg = Debug|Win32
		{425164E2-B1DD-47DE-90B6-019CE5B3939E}.Debug|x86.Build.0 = Debug|Win32
		{425164E2-B1DD-47DE-90B6-019CE5B3939E}.Release|x64.ActiveCfg = Release|x64
		{425164E2-B1DD-47DE-90B6-019CE5B3939E}.Release|x64.Build.0 = Release|x64
		{425164E2-B1DD-47DE-90B6-019CE5B3939E}.Release|x86.ActiveCfg = Release|Win32
		{425164E2-B1DD-47DE-90B6-019CE5B3939E}.Release|x86.Build.0 = Release|Win32
		{B889AFB1-09E3-4D36-967B-6C34335C8F02}.Debug|x64.ActiveCfg = Debug|x64
		{B889AFB1-09E3-4D36-967B-6C34335C8F02}.Debug|x64.Build.0 = Debug|x64
		{B889AFB1-09E3-4D36-967B-6C34335C8F02}.Debug|x86.ActiveCfg = Debug|Win32
		{B889AFB1-09E3-4D36-967B-6C34335C8F02}.Debug|x86.Build.0 = Debug|Win32
		{B889AFB1-09E3-4D36-967B-6C34335C8F02}.Release|x64.ActiveCfg = Release|x64
		{B889AFB1-09E3-4D36-967B-6C34335C8F02}.Release|x64.Build.0 = Release|x64
		{B889AFB1-09E3-4D36-967B-6C34335C8F02}.Release|x86.ActiveCfg = Release|Win32
		{B889AFB1-09E3-4D36-967B-6C34335C8F02}.Release|x86.Build.0 = Release|Win32
	EndGlobalSection
	GlobalSection(SolutionProperties) = preSolution
		HideSolutionNode = FALSE
	EndGlobalSection
EndGlobal
